// !$*UTF8*$!
{
	archiveVersion = 1;
	classes = {
	};
	objectVersion = 55;
	objects = {

/* Begin PBXBuildFile section */
		5147A7B02A9D54C900B7E892 /* AppDelegate.swift in Sources */ = {isa = PBXBuildFile; fileRef = 5147A7AF2A9D54C900B7E892 /* AppDelegate.swift */; };
		5147A7B22A9D54C900B7E892 /* ViewController.swift in Sources */ = {isa = PBXBuildFile; fileRef = 5147A7B12A9D54C900B7E892 /* ViewController.swift */; };
		5147A7B42A9D54C900B7E892 /* Assets.xcassets in Resources */ = {isa = PBXBuildFile; fileRef = 5147A7B32A9D54C900B7E892 /* Assets.xcassets */; };
		5147A7B72A9D54C900B7E892 /* Main.storyboard in Resources */ = {isa = PBXBuildFile; fileRef = 5147A7B52A9D54C900B7E892 /* Main.storyboard */; };
		5147A7DC2A9D551900B7E892 /* RemoteFeedLoaderTest.swift in Sources */ = {isa = PBXBuildFile; fileRef = 5147A7DA2A9D550500B7E892 /* RemoteFeedLoaderTest.swift */; };
		5172DD382B3EDAF600633E4E /* HttpClient.swift in Sources */ = {isa = PBXBuildFile; fileRef = 5172DD372B3EDAF600633E4E /* HttpClient.swift */; };
		51E203092A9EA2AF00D5BD27 /* RemoteFeedLoader.swift in Sources */ = {isa = PBXBuildFile; fileRef = 51E203082A9EA2AF00D5BD27 /* RemoteFeedLoader.swift */; };
		51ED92092B3EE5CC00EF8FDD /* FeedItemsMapper.swift in Sources */ = {isa = PBXBuildFile; fileRef = 51ED92082B3EE5CC00EF8FDD /* FeedItemsMapper.swift */; };
		51EF30D52A9E9D3B00D1896B /* FeedItem.swift in Sources */ = {isa = PBXBuildFile; fileRef = 51EF30D42A9E9D3B00D1896B /* FeedItem.swift */; };
		51EF30D72A9E9D4F00D1896B /* FeedLoader.swift in Sources */ = {isa = PBXBuildFile; fileRef = 51EF30D62A9E9D4F00D1896B /* FeedLoader.swift */; };
/* End PBXBuildFile section */

/* Begin PBXContainerItemProxy section */
		5147A7BE2A9D54C900B7E892 /* PBXContainerItemProxy */ = {
			isa = PBXContainerItemProxy;
			containerPortal = 5147A7A42A9D54C900B7E892 /* Project object */;
			proxyType = 1;
			remoteGlobalIDString = 5147A7AB2A9D54C900B7E892;
			remoteInfo = EssentialFeedProj;
		};
/* End PBXContainerItemProxy section */

/* Begin PBXFileReference section */
		5147A7AC2A9D54C900B7E892 /* EssentialFeedProj.app */ = {isa = PBXFileReference; explicitFileType = wrapper.application; includeInIndex = 0; path = EssentialFeedProj.app; sourceTree = BUILT_PRODUCTS_DIR; };
		5147A7AF2A9D54C900B7E892 /* AppDelegate.swift */ = {isa = PBXFileReference; lastKnownFileType = sourcecode.swift; path = AppDelegate.swift; sourceTree = "<group>"; };
		5147A7B12A9D54C900B7E892 /* ViewController.swift */ = {isa = PBXFileReference; lastKnownFileType = sourcecode.swift; path = ViewController.swift; sourceTree = "<group>"; };
		5147A7B32A9D54C900B7E892 /* Assets.xcassets */ = {isa = PBXFileReference; lastKnownFileType = folder.assetcatalog; path = Assets.xcassets; sourceTree = "<group>"; };
		5147A7B62A9D54C900B7E892 /* Base */ = {isa = PBXFileReference; lastKnownFileType = file.storyboard; name = Base; path = Base.lproj/Main.storyboard; sourceTree = "<group>"; };
		5147A7B82A9D54C900B7E892 /* EssentialFeedProj.entitlements */ = {isa = PBXFileReference; lastKnownFileType = text.plist.entitlements; path = EssentialFeedProj.entitlements; sourceTree = "<group>"; };
		5147A7BD2A9D54C900B7E892 /* EssentialFeedProjTests.xctest */ = {isa = PBXFileReference; explicitFileType = wrapper.cfbundle; includeInIndex = 0; path = EssentialFeedProjTests.xctest; sourceTree = BUILT_PRODUCTS_DIR; };
		5147A7DA2A9D550500B7E892 /* RemoteFeedLoaderTest.swift */ = {isa = PBXFileReference; lastKnownFileType = sourcecode.swift; name = RemoteFeedLoaderTest.swift; path = EssentialFeedProjTests/RemoteFeedLoaderTest.swift; sourceTree = SOURCE_ROOT; };
		5172DD372B3EDAF600633E4E /* HttpClient.swift */ = {isa = PBXFileReference; lastKnownFileType = sourcecode.swift; path = HttpClient.swift; sourceTree = "<group>"; };
		51E203082A9EA2AF00D5BD27 /* RemoteFeedLoader.swift */ = {isa = PBXFileReference; lastKnownFileType = sourcecode.swift; path = RemoteFeedLoader.swift; sourceTree = "<group>"; };
		51ED92082B3EE5CC00EF8FDD /* FeedItemsMapper.swift */ = {isa = PBXFileReference; lastKnownFileType = sourcecode.swift; path = FeedItemsMapper.swift; sourceTree = "<group>"; };
		51EF30D42A9E9D3B00D1896B /* FeedItem.swift */ = {isa = PBXFileReference; lastKnownFileType = sourcecode.swift; path = FeedItem.swift; sourceTree = "<group>"; };
		51EF30D62A9E9D4F00D1896B /* FeedLoader.swift */ = {isa = PBXFileReference; lastKnownFileType = sourcecode.swift; path = FeedLoader.swift; sourceTree = "<group>"; };
/* End PBXFileReference section */

/* Begin PBXFrameworksBuildPhase section */
		5147A7A92A9D54C900B7E892 /* Frameworks */ = {
			isa = PBXFrameworksBuildPhase;
			buildActionMask = 2147483647;
			files = (
			);
			runOnlyForDeploymentPostprocessing = 0;
		};
		5147A7BA2A9D54C900B7E892 /* Frameworks */ = {
			isa = PBXFrameworksBuildPhase;
			buildActionMask = 2147483647;
			files = (
			);
			runOnlyForDeploymentPostprocessing = 0;
		};
/* End PBXFrameworksBuildPhase section */

/* Begin PBXGroup section */
		5147A7A32A9D54C900B7E892 = {
			isa = PBXGroup;
			children = (
				5147A7AE2A9D54C900B7E892 /* EssentialFeedProj */,
				5147A7C02A9D54C900B7E892 /* EssentialFeedProjTests */,
				5147A7AD2A9D54C900B7E892 /* Products */,
			);
			sourceTree = "<group>";
		};
		5147A7AD2A9D54C900B7E892 /* Products */ = {
			isa = PBXGroup;
			children = (
				5147A7AC2A9D54C900B7E892 /* EssentialFeedProj.app */,
				5147A7BD2A9D54C900B7E892 /* EssentialFeedProjTests.xctest */,
			);
			name = Products;
			sourceTree = "<group>";
		};
		5147A7AE2A9D54C900B7E892 /* EssentialFeedProj */ = {
			isa = PBXGroup;
			children = (
				5147A7DE2A9D559300B7E892 /* FeedApi */,
				5147A7DD2A9D554B00B7E892 /* FeedFeature */,
				5147A7AF2A9D54C900B7E892 /* AppDelegate.swift */,
				5147A7B12A9D54C900B7E892 /* ViewController.swift */,
				5147A7B32A9D54C900B7E892 /* Assets.xcassets */,
				5147A7B52A9D54C900B7E892 /* Main.storyboard */,
				5147A7B82A9D54C900B7E892 /* EssentialFeedProj.entitlements */,
			);
			path = EssentialFeedProj;
			sourceTree = "<group>";
		};
		5147A7C02A9D54C900B7E892 /* EssentialFeedProjTests */ = {
			isa = PBXGroup;
			children = (
				5147A7DA2A9D550500B7E892 /* RemoteFeedLoaderTest.swift */,
			);
			path = EssentialFeedProjTests;
			sourceTree = "<group>";
		};
		5147A7DD2A9D554B00B7E892 /* FeedFeature */ = {
			isa = PBXGroup;
			children = (
				51EF30D42A9E9D3B00D1896B /* FeedItem.swift */,
				51EF30D62A9E9D4F00D1896B /* FeedLoader.swift */,
			);
			path = FeedFeature;
			sourceTree = "<group>";
		};
		5147A7DE2A9D559300B7E892 /* FeedApi */ = {
			isa = PBXGroup;
			children = (
				51E203082A9EA2AF00D5BD27 /* RemoteFeedLoader.swift */,
				5172DD372B3EDAF600633E4E /* HttpClient.swift */,
				51ED92082B3EE5CC00EF8FDD /* FeedItemsMapper.swift */,
			);
			path = FeedApi;
			sourceTree = "<group>";
		};
/* End PBXGroup section */

/* Begin PBXNativeTarget section */
		5147A7AB2A9D54C900B7E892 /* EssentialFeedProj */ = {
			isa = PBXNativeTarget;
			buildConfigurationList = 5147A7D12A9D54CA00B7E892 /* Build configuration list for PBXNativeTarget "EssentialFeedProj" */;
			buildPhases = (
				5147A7A82A9D54C900B7E892 /* Sources */,
				5147A7A92A9D54C900B7E892 /* Frameworks */,
				5147A7AA2A9D54C900B7E892 /* Resources */,
			);
			buildRules = (
			);
			dependencies = (
			);
			name = EssentialFeedProj;
			productName = EssentialFeedProj;
			productReference = 5147A7AC2A9D54C900B7E892 /* EssentialFeedProj.app */;
			productType = "com.apple.product-type.application";
		};
		5147A7BC2A9D54C900B7E892 /* EssentialFeedProjTests */ = {
			isa = PBXNativeTarget;
			buildConfigurationList = 5147A7D42A9D54CA00B7E892 /* Build configuration list for PBXNativeTarget "EssentialFeedProjTests" */;
			buildPhases = (
				5147A7B92A9D54C900B7E892 /* Sources */,
				5147A7BA2A9D54C900B7E892 /* Frameworks */,
				5147A7BB2A9D54C900B7E892 /* Resources */,
			);
			buildRules = (
			);
			dependencies = (
				5147A7BF2A9D54C900B7E892 /* PBXTargetDependency */,
			);
			name = EssentialFeedProjTests;
			productName = EssentialFeedProjTests;
			productReference = 5147A7BD2A9D54C900B7E892 /* EssentialFeedProjTests.xctest */;
			productType = "com.apple.product-type.bundle.unit-test";
		};
/* End PBXNativeTarget section */

/* Begin PBXProject section */
		5147A7A42A9D54C900B7E892 /* Project object */ = {
			isa = PBXProject;
			attributes = {
				BuildIndependentTargetsInParallel = 1;
				LastSwiftUpdateCheck = 1320;
				LastUpgradeCheck = 1320;
				TargetAttributes = {
					5147A7AB2A9D54C900B7E892 = {
						CreatedOnToolsVersion = 13.2.1;
					};
					5147A7BC2A9D54C900B7E892 = {
						CreatedOnToolsVersion = 13.2.1;
						TestTargetID = 5147A7AB2A9D54C900B7E892;
					};
				};
			};
			buildConfigurationList = 5147A7A72A9D54C900B7E892 /* Build configuration list for PBXProject "EssentialFeedProj" */;
			compatibilityVersion = "Xcode 13.0";
			developmentRegion = en;
			hasScannedForEncodings = 0;
			knownRegions = (
				en,
				Base,
			);
			mainGroup = 5147A7A32A9D54C900B7E892;
			productRefGroup = 5147A7AD2A9D54C900B7E892 /* Products */;
			projectDirPath = "";
			projectRoot = "";
			targets = (
				5147A7AB2A9D54C900B7E892 /* EssentialFeedProj */,
				5147A7BC2A9D54C900B7E892 /* EssentialFeedProjTests */,
			);
		};
/* End PBXProject section */

/* Begin PBXResourcesBuildPhase section */
		5147A7AA2A9D54C900B7E892 /* Resources */ = {
			isa = PBXResourcesBuildPhase;
			buildActionMask = 2147483647;
			files = (
				5147A7B42A9D54C900B7E892 /* Assets.xcassets in Resources */,
				5147A7B72A9D54C900B7E892 /* Main.storyboard in Resources */,
			);
			runOnlyForDeploymentPostprocessing = 0;
		};
		5147A7BB2A9D54C900B7E892 /* Resources */ = {
			isa = PBXResourcesBuildPhase;
			buildActionMask = 2147483647;
			files = (
			);
			runOnlyForDeploymentPostprocessing = 0;
		};
/* End PBXResourcesBuildPhase section */

/* Begin PBXSourcesBuildPhase section */
		5147A7A82A9D54C900B7E892 /* Sources */ = {
			isa = PBXSourcesBuildPhase;
			buildActionMask = 2147483647;
			files = (
				5147A7B22A9D54C900B7E892 /* ViewController.swift in Sources */,
				5147A7B02A9D54C900B7E892 /* AppDelegate.swift in Sources */,
				51EF30D72A9E9D4F00D1896B /* FeedLoader.swift in Sources */,
				51ED92092B3EE5CC00EF8FDD /* FeedItemsMapper.swift in Sources */,
				5172DD382B3EDAF600633E4E /* HttpClient.swift in Sources */,
				51E203092A9EA2AF00D5BD27 /* RemoteFeedLoader.swift in Sources */,
				51EF30D52A9E9D3B00D1896B /* FeedItem.swift in Sources */,
			);
			runOnlyForDeploymentPostprocessing = 0;
		};
		5147A7B92A9D54C900B7E892 /* Sources */ = {
			isa = PBXSourcesBuildPhase;
			buildActionMask = 2147483647;
			files = (
				5147A7DC2A9D551900B7E892 /* RemoteFeedLoaderTest.swift in Sources */,
			);
			runOnlyForDeploymentPostprocessing = 0;
		};
/* End PBXSourcesBuildPhase section */

/* Begin PBXTargetDependency section */
		5147A7BF2A9D54C900B7E892 /* PBXTargetDependency */ = {
			isa = PBXTargetDependency;
			target = 5147A7AB2A9D54C900B7E892 /* EssentialFeedProj */;
			targetProxy = 5147A7BE2A9D54C900B7E892 /* PBXContainerItemProxy */;
		};
/* End PBXTargetDependency section */

/* Begin PBXVariantGroup section */
		5147A7B52A9D54C900B7E892 /* Main.storyboard */ = {
			isa = PBXVariantGroup;
			children = (
				5147A7B62A9D54C900B7E892 /* Base */,
			);
			name = Main.storyboard;
			sourceTree = "<group>";
		};
/* End PBXVariantGroup section */

/* Begin XCBuildConfiguration section */
		5147A7CF2A9D54CA00B7E892 /* Debug */ = {
			isa = XCBuildConfiguration;
			buildSettings = {
				ALWAYS_SEARCH_USER_PATHS = NO;
				CLANG_ANALYZER_NONNULL = YES;
				CLANG_ANALYZER_NUMBER_OBJECT_CONVERSION = YES_AGGRESSIVE;
				CLANG_CXX_LANGUAGE_STANDARD = "gnu++17";
				CLANG_CXX_LIBRARY = "libc++";
				CLANG_ENABLE_MODULES = YES;
				CLANG_ENABLE_OBJC_ARC = YES;
				CLANG_ENABLE_OBJC_WEAK = YES;
				CLANG_WARN_BLOCK_CAPTURE_AUTORELEASING = YES;
				CLANG_WARN_BOOL_CONVERSION = YES;
				CLANG_WARN_COMMA = YES;
				CLANG_WARN_CONSTANT_CONVERSION = YES;
				CLANG_WARN_DEPRECATED_OBJC_IMPLEMENTATIONS = YES;
				CLANG_WARN_DIRECT_OBJC_ISA_USAGE = YES_ERROR;
				CLANG_WARN_DOCUMENTATION_COMMENTS = YES;
				CLANG_WARN_EMPTY_BODY = YES;
				CLANG_WARN_ENUM_CONVERSION = YES;
				CLANG_WARN_INFINITE_RECURSION = YES;
				CLANG_WARN_INT_CONVERSION = YES;
				CLANG_WARN_NON_LITERAL_NULL_CONVERSION = YES;
				CLANG_WARN_OBJC_IMPLICIT_RETAIN_SELF = YES;
				CLANG_WARN_OBJC_LITERAL_CONVERSION = YES;
				CLANG_WARN_OBJC_ROOT_CLASS = YES_ERROR;
				CLANG_WARN_QUOTED_INCLUDE_IN_FRAMEWORK_HEADER = YES;
				CLANG_WARN_RANGE_LOOP_ANALYSIS = YES;
				CLANG_WARN_STRICT_PROTOTYPES = YES;
				CLANG_WARN_SUSPICIOUS_MOVE = YES;
				CLANG_WARN_UNGUARDED_AVAILABILITY = YES_AGGRESSIVE;
				CLANG_WARN_UNREACHABLE_CODE = YES;
				CLANG_WARN__DUPLICATE_METHOD_MATCH = YES;
				COPY_PHASE_STRIP = NO;
				DEBUG_INFORMATION_FORMAT = dwarf;
				ENABLE_STRICT_OBJC_MSGSEND = YES;
				ENABLE_TESTABILITY = YES;
				GCC_C_LANGUAGE_STANDARD = gnu11;
				GCC_DYNAMIC_NO_PIC = NO;
				GCC_NO_COMMON_BLOCKS = YES;
				GCC_OPTIMIZATION_LEVEL = 0;
				GCC_PREPROCESSOR_DEFINITIONS = (
					"DEBUG=1",
					"$(inherited)",
				);
				GCC_WARN_64_TO_32_BIT_CONVERSION = YES;
				GCC_WARN_ABOUT_RETURN_TYPE = YES_ERROR;
				GCC_WARN_UNDECLARED_SELECTOR = YES;
				GCC_WARN_UNINITIALIZED_AUTOS = YES_AGGRESSIVE;
				GCC_WARN_UNUSED_FUNCTION = YES;
				GCC_WARN_UNUSED_VARIABLE = YES;
				MACOSX_DEPLOYMENT_TARGET = 12.0;
				MTL_ENABLE_DEBUG_INFO = INCLUDE_SOURCE;
				MTL_FAST_MATH = YES;
				ONLY_ACTIVE_ARCH = YES;
				SDKROOT = macosx;
				SWIFT_ACTIVE_COMPILATION_CONDITIONS = DEBUG;
				SWIFT_OPTIMIZATION_LEVEL = "-Onone";
			};
			name = Debug;
		};
		5147A7D02A9D54CA00B7E892 /* Release */ = {
			isa = XCBuildConfiguration;
			buildSettings = {
				ALWAYS_SEARCH_USER_PATHS = NO;
				CLANG_ANALYZER_NONNULL = YES;
				CLANG_ANALYZER_NUMBER_OBJECT_CONVERSION = YES_AGGRESSIVE;
				CLANG_CXX_LANGUAGE_STANDARD = "gnu++17";
				CLANG_CXX_LIBRARY = "libc++";
				CLANG_ENABLE_MODULES = YES;
				CLANG_ENABLE_OBJC_ARC = YES;
				CLANG_ENABLE_OBJC_WEAK = YES;
				CLANG_WARN_BLOCK_CAPTURE_AUTORELEASING = YES;
				CLANG_WARN_BOOL_CONVERSION = YES;
				CLANG_WARN_COMMA = YES;
				CLANG_WARN_CONSTANT_CONVERSION = YES;
				CLANG_WARN_DEPRECATED_OBJC_IMPLEMENTATIONS = YES;
				CLANG_WARN_DIRECT_OBJC_ISA_USAGE = YES_ERROR;
				CLANG_WARN_DOCUMENTATION_COMMENTS = YES;
				CLANG_WARN_EMPTY_BODY = YES;
				CLANG_WARN_ENUM_CONVERSION = YES;
				CLANG_WARN_INFINITE_RECURSION = YES;
				CLANG_WARN_INT_CONVERSION = YES;
				CLANG_WARN_NON_LITERAL_NULL_CONVERSION = YES;
				CLANG_WARN_OBJC_IMPLICIT_RETAIN_SELF = YES;
				CLANG_WARN_OBJC_LITERAL_CONVERSION = YES;
				CLANG_WARN_OBJC_ROOT_CLASS = YES_ERROR;
				CLANG_WARN_QUOTED_INCLUDE_IN_FRAMEWORK_HEADER = YES;
				CLANG_WARN_RANGE_LOOP_ANALYSIS = YES;
				CLANG_WARN_STRICT_PROTOTYPES = YES;
				CLANG_WARN_SUSPICIOUS_MOVE = YES;
				CLANG_WARN_UNGUARDED_AVAILABILITY = YES_AGGRESSIVE;
				CLANG_WARN_UNREACHABLE_CODE = YES;
				CLANG_WARN__DUPLICATE_METHOD_MATCH = YES;
				COPY_PHASE_STRIP = NO;
				DEBUG_INFORMATION_FORMAT = "dwarf-with-dsym";
				ENABLE_NS_ASSERTIONS = NO;
				ENABLE_STRICT_OBJC_MSGSEND = YES;
				GCC_C_LANGUAGE_STANDARD = gnu11;
				GCC_NO_COMMON_BLOCKS = YES;
				GCC_WARN_64_TO_32_BIT_CONVERSION = YES;
				GCC_WARN_ABOUT_RETURN_TYPE = YES_ERROR;
				GCC_WARN_UNDECLARED_SELECTOR = YES;
				GCC_WARN_UNINITIALIZED_AUTOS = YES_AGGRESSIVE;
				GCC_WARN_UNUSED_FUNCTION = YES;
				GCC_WARN_UNUSED_VARIABLE = YES;
				MACOSX_DEPLOYMENT_TARGET = 12.0;
				MTL_ENABLE_DEBUG_INFO = NO;
				MTL_FAST_MATH = YES;
				SDKROOT = macosx;
				SWIFT_COMPILATION_MODE = wholemodule;
				SWIFT_OPTIMIZATION_LEVEL = "-O";
			};
			name = Release;
		};
		5147A7D22A9D54CA00B7E892 /* Debug */ = {
			isa = XCBuildConfiguration;
			buildSettings = {
				ASSETCATALOG_COMPILER_APPICON_NAME = AppIcon;
				ASSETCATALOG_COMPILER_GLOBAL_ACCENT_COLOR_NAME = AccentColor;
				CODE_SIGN_ENTITLEMENTS = EssentialFeedProj/EssentialFeedProj.entitlements;
				CODE_SIGN_STYLE = Automatic;
				COMBINE_HIDPI_IMAGES = YES;
				CURRENT_PROJECT_VERSION = 1;
				DEVELOPMENT_TEAM = 6L526X3MFC;
				ENABLE_HARDENED_RUNTIME = YES;
				GENERATE_INFOPLIST_FILE = YES;
				INFOPLIST_KEY_NSHumanReadableCopyright = "";
				INFOPLIST_KEY_NSMainStoryboardFile = Main;
				INFOPLIST_KEY_NSPrincipalClass = NSApplication;
				LD_RUNPATH_SEARCH_PATHS = (
					"$(inherited)",
					"@executable_path/../Frameworks",
				);
				MARKETING_VERSION = 1.0;
				PRODUCT_BUNDLE_IDENTIFIER = com.saja.EssentialFeedProj;
				PRODUCT_NAME = "$(TARGET_NAME)";
				SWIFT_EMIT_LOC_STRINGS = YES;
				SWIFT_VERSION = 5.0;
			};
			name = Debug;
		};
		5147A7D32A9D54CA00B7E892 /* Release */ = {
			isa = XCBuildConfiguration;
			buildSettings = {
				ASSETCATALOG_COMPILER_APPICON_NAME = AppIcon;
				ASSETCATALOG_COMPILER_GLOBAL_ACCENT_COLOR_NAME = AccentColor;
				CODE_SIGN_ENTITLEMENTS = EssentialFeedProj/EssentialFeedProj.entitlements;
				CODE_SIGN_STYLE = Automatic;
				COMBINE_HIDPI_IMAGES = YES;
				CURRENT_PROJECT_VERSION = 1;
				DEVELOPMENT_TEAM = 6L526X3MFC;
				ENABLE_HARDENED_RUNTIME = YES;
				GENERATE_INFOPLIST_FILE = YES;
				INFOPLIST_KEY_NSHumanReadableCopyright = "";
				INFOPLIST_KEY_NSMainStoryboardFile = Main;
				INFOPLIST_KEY_NSPrincipalClass = NSApplication;
				LD_RUNPATH_SEARCH_PATHS = (
					"$(inherited)",
					"@executable_path/../Frameworks",
				);
				MARKETING_VERSION = 1.0;
				PRODUCT_BUNDLE_IDENTIFIER = com.saja.EssentialFeedProj;
				PRODUCT_NAME = "$(TARGET_NAME)";
				SWIFT_EMIT_LOC_STRINGS = YES;
				SWIFT_VERSION = 5.0;
			};
			name = Release;
		};
		5147A7D52A9D54CA00B7E892 /* Debug */ = {
			isa = XCBuildConfiguration;
			buildSettings = {
				ALWAYS_EMBED_SWIFT_STANDARD_LIBRARIES = YES;
				BUNDLE_LOADER = "$(TEST_HOST)";
				CODE_SIGN_STYLE = Automatic;
				CURRENT_PROJECT_VERSION = 1;
				DEVELOPMENT_TEAM = 6L526X3MFC;
				GENERATE_INFOPLIST_FILE = YES;
				MACOSX_DEPLOYMENT_TARGET = 12.0;
				MARKETING_VERSION = 1.0;
				PRODUCT_BUNDLE_IDENTIFIER = com.saja.EssentialFeedProjTests;
				PRODUCT_NAME = "$(TARGET_NAME)";
				SWIFT_EMIT_LOC_STRINGS = NO;
				SWIFT_VERSION = 5.0;
				TEST_HOST = "$(BUILT_PRODUCTS_DIR)/EssentialFeedProj.app/Contents/MacOS/EssentialFeedProj";
			};
			name = Debug;
		};
		5147A7D62A9D54CA00B7E892 /* Release */ = {
			isa = XCBuildConfiguration;
			buildSettings = {
				ALWAYS_EMBED_SWIFT_STANDARD_LIBRARIES = YES;
				BUNDLE_LOADER = "$(TEST_HOST)";
				CODE_SIGN_STYLE = Automatic;
				CURRENT_PROJECT_VERSION = 1;
				DEVELOPMENT_TEAM = 6L526X3MFC;
				GENERATE_INFOPLIST_FILE = YES;
				MACOSX_DEPLOYMENT_TARGET = 12.0;
				MARKETING_VERSION = 1.0;
				PRODUCT_BUNDLE_IDENTIFIER = com.saja.EssentialFeedProjTests;
				PRODUCT_NAME = "$(TARGET_NAME)";
				SWIFT_EMIT_LOC_STRINGS = NO;
				SWIFT_VERSION = 5.0;
				TEST_HOST = "$(BUILT_PRODUCTS_DIR)/EssentialFeedProj.app/Contents/MacOS/EssentialFeedProj";
			};
			name = Release;
		};
/* End XCBuildConfiguration section */

/* Begin XCConfigurationList section */
		5147A7A72A9D54C900B7E892 /* Build configuration list for PBXProject "EssentialFeedProj" */ = {
			isa = XCConfigurationList;
			buildConfigurations = (
				5147A7CF2A9D54CA00B7E892 /* Debug */,
				5147A7D02A9D54CA00B7E892 /* Release */,
			);
			defaultConfigurationIsVisible = 0;
			defaultConfigurationName = Release;
		};
		5147A7D12A9D54CA00B7E892 /* Build configuration list for PBXNativeTarget "EssentialFeedProj" */ = {
			isa = XCConfigurationList;
			buildConfigurations = (
				5147A7D22A9D54CA00B7E892 /* Debug */,
				5147A7D32A9D54CA00B7E892 /* Release */,
			);
			defaultConfigurationIsVisible = 0;
			defaultConfigurationName = Release;
		};
		5147A7D42A9D54CA00B7E892 /* Build configuration list for PBXNativeTarget "EssentialFeedProjTests" */ = {
			isa = XCConfigurationList;
			buildConfigurations = (
				5147A7D52A9D54CA00B7E892 /* Debug */,
				5147A7D62A9D54CA00B7E892 /* Release */,
			);
			defaultConfigurationIsVisible = 0;
			defaultConfigurationName = Release;
		};
/* End XCConfigurationList section */
	};
	rootObject = 5147A7A42A9D54C900B7E892 /* Project object */;
}
